// !$*UTF8*$!
{
	archiveVersion = 1;
	classes = {
	};
	objectVersion = 50;
	objects = {

/* Begin PBXBuildFile section */
		8659BF3321A69DEB00FDD6E8 /* AppDelegate.swift in Sources */ = {isa = PBXBuildFile; fileRef = 8659BF3221A69DEB00FDD6E8 /* AppDelegate.swift */; };
		8659BF3521A69DEB00FDD6E8 /* ViewController.swift in Sources */ = {isa = PBXBuildFile; fileRef = 8659BF3421A69DEB00FDD6E8 /* ViewController.swift */; };
		8659BF3821A69DEB00FDD6E8 /* Main.storyboard in Resources */ = {isa = PBXBuildFile; fileRef = 8659BF3621A69DEB00FDD6E8 /* Main.storyboard */; };
		8659BF3A21A69DED00FDD6E8 /* Assets.xcassets in Resources */ = {isa = PBXBuildFile; fileRef = 8659BF3921A69DED00FDD6E8 /* Assets.xcassets */; };
		8659BF3D21A69DED00FDD6E8 /* LaunchScreen.storyboard in Resources */ = {isa = PBXBuildFile; fileRef = 8659BF3B21A69DED00FDD6E8 /* LaunchScreen.storyboard */; };
		8659BF4721A69EC500FDD6E8 /* LFContractViewController.swift in Sources */ = {isa = PBXBuildFile; fileRef = 8659BF4621A69EC500FDD6E8 /* LFContractViewController.swift */; };
		8659BF4921A69F6F00FDD6E8 /* UntilsMacro.swift in Sources */ = {isa = PBXBuildFile; fileRef = 8659BF4821A69F6F00FDD6E8 /* UntilsMacro.swift */; };
		8659BF4D21A6A2EA00FDD6E8 /* LFContactTableCell.swift in Sources */ = {isa = PBXBuildFile; fileRef = 8659BF4C21A6A2EA00FDD6E8 /* LFContactTableCell.swift */; };
		8659BF4F21A6A32700FDD6E8 /* LFTipCollectionCell.swift in Sources */ = {isa = PBXBuildFile; fileRef = 8659BF4E21A6A32700FDD6E8 /* LFTipCollectionCell.swift */; };
		8659BF5321A6A51700FDD6E8 /* LFCommonTools.m in Sources */ = {isa = PBXBuildFile; fileRef = 8659BF5221A6A51600FDD6E8 /* LFCommonTools.m */; };
		8659BF5521A6A58800FDD6E8 /* UILabelExtensions_lf.swift in Sources */ = {isa = PBXBuildFile; fileRef = 8659BF5421A6A58800FDD6E8 /* UILabelExtensions_lf.swift */; };
/* End PBXBuildFile section */

/* Begin PBXFileReference section */
		8659BF2F21A69DEB00FDD6E8 /* AddressBookDemo.app */ = {isa = PBXFileReference; explicitFileType = wrapper.application; includeInIndex = 0; path = AddressBookDemo.app; sourceTree = BUILT_PRODUCTS_DIR; };
		8659BF3221A69DEB00FDD6E8 /* AppDelegate.swift */ = {isa = PBXFileReference; lastKnownFileType = sourcecode.swift; path = AppDelegate.swift; sourceTree = "<group>"; };
		8659BF3421A69DEB00FDD6E8 /* ViewController.swift */ = {isa = PBXFileReference; lastKnownFileType = sourcecode.swift; path = ViewController.swift; sourceTree = "<group>"; };
		8659BF3721A69DEB00FDD6E8 /* Base */ = {isa = PBXFileReference; lastKnownFileType = file.storyboard; name = Base; path = Base.lproj/Main.storyboard; sourceTree = "<group>"; };
		8659BF3921A69DED00FDD6E8 /* Assets.xcassets */ = {isa = PBXFileReference; lastKnownFileType = folder.assetcatalog; path = Assets.xcassets; sourceTree = "<group>"; };
		8659BF3C21A69DED00FDD6E8 /* Base */ = {isa = PBXFileReference; lastKnownFileType = file.storyboard; name = Base; path = Base.lproj/LaunchScreen.storyboard; sourceTree = "<group>"; };
		8659BF3E21A69DED00FDD6E8 /* Info.plist */ = {isa = PBXFileReference; lastKnownFileType = text.plist.xml; path = Info.plist; sourceTree = "<group>"; };
		8659BF4621A69EC500FDD6E8 /* LFContractViewController.swift */ = {isa = PBXFileReference; lastKnownFileType = sourcecode.swift; path = LFContractViewController.swift; sourceTree = "<group>"; };
		8659BF4821A69F6F00FDD6E8 /* UntilsMacro.swift */ = {isa = PBXFileReference; lastKnownFileType = sourcecode.swift; path = UntilsMacro.swift; sourceTree = "<group>"; };
		8659BF4C21A6A2EA00FDD6E8 /* LFContactTableCell.swift */ = {isa = PBXFileReference; lastKnownFileType = sourcecode.swift; path = LFContactTableCell.swift; sourceTree = "<group>"; };
		8659BF4E21A6A32700FDD6E8 /* LFTipCollectionCell.swift */ = {isa = PBXFileReference; lastKnownFileType = sourcecode.swift; path = LFTipCollectionCell.swift; sourceTree = "<group>"; };
		8659BF5021A6A51400FDD6E8 /* AddressBookDemo-Bridging-Header.h */ = {isa = PBXFileReference; lastKnownFileType = sourcecode.c.h; path = "AddressBookDemo-Bridging-Header.h"; sourceTree = "<group>"; };
		8659BF5121A6A51500FDD6E8 /* LFCommonTools.h */ = {isa = PBXFileReference; fileEncoding = 4; lastKnownFileType = sourcecode.c.h; path = LFCommonTools.h; sourceTree = "<group>"; };
		8659BF5221A6A51600FDD6E8 /* LFCommonTools.m */ = {isa = PBXFileReference; fileEncoding = 4; lastKnownFileType = sourcecode.c.objc; path = LFCommonTools.m; sourceTree = "<group>"; };
		8659BF5421A6A58800FDD6E8 /* UILabelExtensions_lf.swift */ = {isa = PBXFileReference; fileEncoding = 4; lastKnownFileType = sourcecode.swift; path = UILabelExtensions_lf.swift; sourceTree = "<group>"; };
/* End PBXFileReference section */

/* Begin PBXFrameworksBuildPhase section */
		8659BF2C21A69DEB00FDD6E8 /* Frameworks */ = {
			isa = PBXFrameworksBuildPhase;
			buildActionMask = 2147483647;
			files = (
			);
			runOnlyForDeploymentPostprocessing = 0;
		};
/* End PBXFrameworksBuildPhase section */

/* Begin PBXGroup section */
		8659BF2621A69DEB00FDD6E8 = {
			isa = PBXGroup;
			children = (
				8659BF3121A69DEB00FDD6E8 /* AddressBookDemo */,
				8659BF3021A69DEB00FDD6E8 /* Products */,
			);
			sourceTree = "<group>";
		};
		8659BF3021A69DEB00FDD6E8 /* Products */ = {
			isa = PBXGroup;
			children = (
				8659BF2F21A69DEB00FDD6E8 /* AddressBookDemo.app */,
			);
			name = Products;
			sourceTree = "<group>";
		};
		8659BF3121A69DEB00FDD6E8 /* AddressBookDemo */ = {
			isa = PBXGroup;
			children = (
				8659BF3221A69DEB00FDD6E8 /* AppDelegate.swift */,
				8659BF3421A69DEB00FDD6E8 /* ViewController.swift */,
				8659BF4521A69E6300FDD6E8 /* Contract */,
				8659BF4421A69E3400FDD6E8 /* Macro */,
				8659BF3621A69DEB00FDD6E8 /* Main.storyboard */,
				8659BF3921A69DED00FDD6E8 /* Assets.xcassets */,
				8659BF3B21A69DED00FDD6E8 /* LaunchScreen.storyboard */,
				8659BF3E21A69DED00FDD6E8 /* Info.plist */,
			);
			path = AddressBookDemo;
			sourceTree = "<group>";
		};
		8659BF4421A69E3400FDD6E8 /* Macro */ = {
			isa = PBXGroup;
			children = (
				8659BF5421A6A58800FDD6E8 /* UILabelExtensions_lf.swift */,
				8659BF4821A69F6F00FDD6E8 /* UntilsMacro.swift */,
				8659BF5121A6A51500FDD6E8 /* LFCommonTools.h */,
				8659BF5221A6A51600FDD6E8 /* LFCommonTools.m */,
				8659BF5021A6A51400FDD6E8 /* AddressBookDemo-Bridging-Header.h */,
			);
			path = Macro;
			sourceTree = "<group>";
		};
		8659BF4521A69E6300FDD6E8 /* Contract */ = {
			isa = PBXGroup;
			children = (
				8659BF4B21A69FD000FDD6E8 /* views */,
				8659BF4A21A69FC700FDD6E8 /* controllers */,
			);
			path = Contract;
			sourceTree = "<group>";
		};
		8659BF4A21A69FC700FDD6E8 /* controllers */ = {
			isa = PBXGroup;
			children = (
				8659BF4621A69EC500FDD6E8 /* LFContractViewController.swift */,
			);
			path = controllers;
			sourceTree = "<group>";
		};
		8659BF4B21A69FD000FDD6E8 /* views */ = {
			isa = PBXGroup;
			children = (
				8659BF4C21A6A2EA00FDD6E8 /* LFContactTableCell.swift */,
				8659BF4E21A6A32700FDD6E8 /* LFTipCollectionCell.swift */,
			);
			path = views;
			sourceTree = "<group>";
		};
/* End PBXGroup section */

/* Begin PBXNativeTarget section */
		8659BF2E21A69DEB00FDD6E8 /* AddressBookDemo */ = {
			isa = PBXNativeTarget;
			buildConfigurationList = 8659BF4121A69DED00FDD6E8 /* Build configuration list for PBXNativeTarget "AddressBookDemo" */;
			buildPhases = (
				8659BF2B21A69DEB00FDD6E8 /* Sources */,
				8659BF2C21A69DEB00FDD6E8 /* Frameworks */,
				8659BF2D21A69DEB00FDD6E8 /* Resources */,
			);
			buildRules = (
			);
			dependencies = (
			);
			name = AddressBookDemo;
			productName = AddressBookDemo;
			productReference = 8659BF2F21A69DEB00FDD6E8 /* AddressBookDemo.app */;
			productType = "com.apple.product-type.application";
		};
/* End PBXNativeTarget section */

/* Begin PBXProject section */
		8659BF2721A69DEB00FDD6E8 /* Project object */ = {
			isa = PBXProject;
			attributes = {
				LastSwiftUpdateCheck = 1010;
				LastUpgradeCheck = 1010;
				ORGANIZATIONNAME = francis;
				TargetAttributes = {
					8659BF2E21A69DEB00FDD6E8 = {
						CreatedOnToolsVersion = 10.1;
						LastSwiftMigration = 1010;
					};
				};
			};
			buildConfigurationList = 8659BF2A21A69DEB00FDD6E8 /* Build configuration list for PBXProject "AddressBookDemo" */;
			compatibilityVersion = "Xcode 9.3";
			developmentRegion = en;
			hasScannedForEncodings = 0;
			knownRegions = (
				en,
				Base,
			);
			mainGroup = 8659BF2621A69DEB00FDD6E8;
			productRefGroup = 8659BF3021A69DEB00FDD6E8 /* Products */;
			projectDirPath = "";
			projectRoot = "";
			targets = (
				8659BF2E21A69DEB00FDD6E8 /* AddressBookDemo */,
			);
		};
/* End PBXProject section */

/* Begin PBXResourcesBuildPhase section */
		8659BF2D21A69DEB00FDD6E8 /* Resources */ = {
			isa = PBXResourcesBuildPhase;
			buildActionMask = 2147483647;
			files = (
				8659BF3D21A69DED00FDD6E8 /* LaunchScreen.storyboard in Resources */,
				8659BF3A21A69DED00FDD6E8 /* Assets.xcassets in Resources */,
				8659BF3821A69DEB00FDD6E8 /* Main.storyboard in Resources */,
			);
			runOnlyForDeploymentPostprocessing = 0;
		};
/* End PBXResourcesBuildPhase section */

/* Begin PBXSourcesBuildPhase section */
		8659BF2B21A69DEB00FDD6E8 /* Sources */ = {
			isa = PBXSourcesBuildPhase;
			buildActionMask = 2147483647;
			files = (
				8659BF4D21A6A2EA00FDD6E8 /* LFContactTableCell.swift in Sources */,
				8659BF3521A69DEB00FDD6E8 /* ViewController.swift in Sources */,
				8659BF4921A69F6F00FDD6E8 /* UntilsMacro.swift in Sources */,
				8659BF4721A69EC500FDD6E8 /* LFContractViewController.swift in Sources */,
				8659BF5521A6A58800FDD6E8 /* UILabelExtensions_lf.swift in Sources */,
				8659BF3321A69DEB00FDD6E8 /* AppDelegate.swift in Sources */,
				8659BF5321A6A51700FDD6E8 /* LFCommonTools.m in Sources */,
				8659BF4F21A6A32700FDD6E8 /* LFTipCollectionCell.swift in Sources */,
			);
			runOnlyForDeploymentPostprocessing = 0;
		};
/* End PBXSourcesBuildPhase section */

/* Begin PBXVariantGroup section */
		8659BF3621A69DEB00FDD6E8 /* Main.storyboard */ = {
			isa = PBXVariantGroup;
			children = (
				8659BF3721A69DEB00FDD6E8 /* Base */,
			);
			name = Main.storyboard;
			sourceTree = "<group>";
		};
		8659BF3B21A69DED00FDD6E8 /* LaunchScreen.storyboard */ = {
			isa = PBXVariantGroup;
			children = (
				8659BF3C21A69DED00FDD6E8 /* Base */,
			);
			name = LaunchScreen.storyboard;
			sourceTree = "<group>";
		};
/* End PBXVariantGroup section */

/* Begin XCBuildConfiguration section */
		8659BF3F21A69DED00FDD6E8 /* Debug */ = {
			isa = XCBuildConfiguration;
			buildSettings = {
				ALWAYS_SEARCH_USER_PATHS = NO;
				CLANG_ANALYZER_NONNULL = YES;
				CLANG_ANALYZER_NUMBER_OBJECT_CONVERSION = YES_AGGRESSIVE;
				CLANG_CXX_LANGUAGE_STANDARD = "gnu++14";
				CLANG_CXX_LIBRARY = "libc++";
				CLANG_ENABLE_MODULES = YES;
				CLANG_ENABLE_OBJC_ARC = YES;
				CLANG_ENABLE_OBJC_WEAK = YES;
				CLANG_WARN_BLOCK_CAPTURE_AUTORELEASING = YES;
				CLANG_WARN_BOOL_CONVERSION = YES;
				CLANG_WARN_COMMA = YES;
				CLANG_WARN_CONSTANT_CONVERSION = YES;
				CLANG_WARN_DEPRECATED_OBJC_IMPLEMENTATIONS = YES;
				CLANG_WARN_DIRECT_OBJC_ISA_USAGE = YES_ERROR;
				CLANG_WARN_DOCUMENTATION_COMMENTS = YES;
				CLANG_WARN_EMPTY_BODY = YES;
				CLANG_WARN_ENUM_CONVERSION = YES;
				CLANG_WARN_INFINITE_RECURSION = YES;
				CLANG_WARN_INT_CONVERSION = YES;
				CLANG_WARN_NON_LITERAL_NULL_CONVERSION = YES;
				CLANG_WARN_OBJC_IMPLICIT_RETAIN_SELF = YES;
				CLANG_WARN_OBJC_LITERAL_CONVERSION = YES;
				CLANG_WARN_OBJC_ROOT_CLASS = YES_ERROR;
				CLANG_WARN_RANGE_LOOP_ANALYSIS = YES;
				CLANG_WARN_STRICT_PROTOTYPES = YES;
				CLANG_WARN_SUSPICIOUS_MOVE = YES;
				CLANG_WARN_UNGUARDED_AVAILABILITY = YES_AGGRESSIVE;
				CLANG_WARN_UNREACHABLE_CODE = YES;
				CLANG_WARN__DUPLICATE_METHOD_MATCH = YES;
				CODE_SIGN_IDENTITY = "iPhone Developer";
				COPY_PHASE_STRIP = NO;
				DEBUG_INFORMATION_FORMAT = dwarf;
				ENABLE_STRICT_OBJC_MSGSEND = YES;
				ENABLE_TESTABILITY = YES;
				GCC_C_LANGUAGE_STANDARD = gnu11;
				GCC_DYNAMIC_NO_PIC = NO;
				GCC_NO_COMMON_BLOCKS = YES;
				GCC_OPTIMIZATION_LEVEL = 0;
				GCC_PREPROCESSOR_DEFINITIONS = (
					"DEBUG=1",
					"$(inherited)",
				);
				GCC_WARN_64_TO_32_BIT_CONVERSION = YES;
				GCC_WARN_ABOUT_RETURN_TYPE = YES_ERROR;
				GCC_WARN_UNDECLARED_SELECTOR = YES;
				GCC_WARN_UNINITIALIZED_AUTOS = YES_AGGRESSIVE;
				GCC_WARN_UNUSED_FUNCTION = YES;
				GCC_WARN_UNUSED_VARIABLE = YES;
				IPHONEOS_DEPLOYMENT_TARGET = 12.1;
				MTL_ENABLE_DEBUG_INFO = INCLUDE_SOURCE;
				MTL_FAST_MATH = YES;
				ONLY_ACTIVE_ARCH = YES;
				SDKROOT = iphoneos;
				SWIFT_ACTIVE_COMPILATION_CONDITIONS = DEBUG;
				SWIFT_OPTIMIZATION_LEVEL = "-Onone";
			};
			name = Debug;
		};
		8659BF4021A69DED00FDD6E8 /* Release */ = {
			isa = XCBuildConfiguration;
			buildSettings = {
				ALWAYS_SEARCH_USER_PATHS = NO;
				CLANG_ANALYZER_NONNULL = YES;
				CLANG_ANALYZER_NUMBER_OBJECT_CONVERSION = YES_AGGRESSIVE;
				CLANG_CXX_LANGUAGE_STANDARD = "gnu++14";
				CLANG_CXX_LIBRARY = "libc++";
				CLANG_ENABLE_MODULES = YES;
				CLANG_ENABLE_OBJC_ARC = YES;
				CLANG_ENABLE_OBJC_WEAK = YES;
				CLANG_WARN_BLOCK_CAPTURE_AUTORELEASING = YES;
				CLANG_WARN_BOOL_CONVERSION = YES;
				CLANG_WARN_COMMA = YES;
				CLANG_WARN_CONSTANT_CONVERSION = YES;
				CLANG_WARN_DEPRECATED_OBJC_IMPLEMENTATIONS = YES;
				CLANG_WARN_DIRECT_OBJC_ISA_USAGE = YES_ERROR;
				CLANG_WARN_DOCUMENTATION_COMMENTS = YES;
				CLANG_WARN_EMPTY_BODY = YES;
				CLANG_WARN_ENUM_CONVERSION = YES;
				CLANG_WARN_INFINITE_RECURSION = YES;
				CLANG_WARN_INT_CONVERSION = YES;
				CLANG_WARN_NON_LITERAL_NULL_CONVERSION = YES;
				CLANG_WARN_OBJC_IMPLICIT_RETAIN_SELF = YES;
				CLANG_WARN_OBJC_LITERAL_CONVERSION = YES;
				CLANG_WARN_OBJC_ROOT_CLASS = YES_ERROR;
				CLANG_WARN_RANGE_LOOP_ANALYSIS = YES;
				CLANG_WARN_STRICT_PROTOTYPES = YES;
				CLANG_WARN_SUSPICIOUS_MOVE = YES;
				CLANG_WARN_UNGUARDED_AVAILABILITY = YES_AGGRESSIVE;
				CLANG_WARN_UNREACHABLE_CODE = YES;
				CLANG_WARN__DUPLICATE_METHOD_MATCH = YES;
				CODE_SIGN_IDENTITY = "iPhone Developer";
				COPY_PHASE_STRIP = NO;
				DEBUG_INFORMATION_FORMAT = "dwarf-with-dsym";
				ENABLE_NS_ASSERTIONS = NO;
				ENABLE_STRICT_OBJC_MSGSEND = YES;
				GCC_C_LANGUAGE_STANDARD = gnu11;
				GCC_NO_COMMON_BLOCKS = YES;
				GCC_WARN_64_TO_32_BIT_CONVERSION = YES;
				GCC_WARN_ABOUT_RETURN_TYPE = YES_ERROR;
				GCC_WARN_UNDECLARED_SELECTOR = YES;
				GCC_WARN_UNINITIALIZED_AUTOS = YES_AGGRESSIVE;
				GCC_WARN_UNUSED_FUNCTION = YES;
				GCC_WARN_UNUSED_VARIABLE = YES;
				IPHONEOS_DEPLOYMENT_TARGET = 12.1;
				MTL_ENABLE_DEBUG_INFO = NO;
				MTL_FAST_MATH = YES;
				SDKROOT = iphoneos;
				SWIFT_COMPILATION_MODE = wholemodule;
				SWIFT_OPTIMIZATION_LEVEL = "-O";
				VALIDATE_PRODUCT = YES;
			};
			name = Release;
		};
		8659BF4221A69DED00FDD6E8 /* Debug */ = {
			isa = XCBuildConfiguration;
			buildSettings = {
				ASSETCATALOG_COMPILER_APPICON_NAME = AppIcon;
				CLANG_ENABLE_MODULES = YES;
				CODE_SIGN_STYLE = Automatic;
				DEVELOPMENT_TEAM = ZAJ7237P43;
				INFOPLIST_FILE = AddressBookDemo/Info.plist;
				IPHONEOS_DEPLOYMENT_TARGET = 8.0;
				LD_RUNPATH_SEARCH_PATHS = (
					"$(inherited)",
					"@executable_path/Frameworks",
				);
				PRODUCT_BUNDLE_IDENTIFIER = francislf.AddressBookDemo;
				PRODUCT_NAME = "$(TARGET_NAME)";
				SWIFT_OBJC_BRIDGING_HEADER = "AddressBookDemo/Macro/AddressBookDemo-Bridging-Header.h";
				SWIFT_OPTIMIZATION_LEVEL = "-Onone";
				SWIFT_VERSION = 4.2;
				TARGETED_DEVICE_FAMILY = 1;
			};
			name = Debug;
		};
		8659BF4321A69DED00FDD6E8 /* Release */ = {
			isa = XCBuildConfiguration;
			buildSettings = {
				ASSETCATALOG_COMPILER_APPICON_NAME = AppIcon;
				CLANG_ENABLE_MODULES = YES;
				CODE_SIGN_STYLE = Automatic;
				DEVELOPMENT_TEAM = ZAJ7237P43;
				INFOPLIST_FILE = AddressBookDemo/Info.plist;
				IPHONEOS_DEPLOYMENT_TARGET = 8.0;
				LD_RUNPATH_SEARCH_PATHS = (
					"$(inherited)",
					"@executable_path/Frameworks",
				);
				PRODUCT_BUNDLE_IDENTIFIER = francislf.AddressBookDemo;
				PRODUCT_NAME = "$(TARGET_NAME)";
				SWIFT_OBJC_BRIDGING_HEADER = "AddressBookDemo/Macro/AddressBookDemo-Bridging-Header.h";
				SWIFT_VERSION = 4.2;
				TARGETED_DEVICE_FAMILY = 1;
			};
			name = Release;
		};
/* End XCBuildConfiguration section */

/* Begin XCConfigurationList section */
		8659BF2A21A69DEB00FDD6E8 /* Build configuration list for PBXProject "AddressBookDemo" */ = {
			isa = XCConfigurationList;
			buildConfigurations = (
				8659BF3F21A69DED00FDD6E8 /* Debug */,
				8659BF4021A69DED00FDD6E8 /* Release */,
			);
			defaultConfigurationIsVisible = 0;
			defaultConfigurationName = Release;
		};
		8659BF4121A69DED00FDD6E8 /* Build configuration list for PBXNativeTarget "AddressBookDemo" */ = {
			isa = XCConfigurationList;
			buildConfigurations = (
				8659BF4221A69DED00FDD6E8 /* Debug */,
				8659BF4321A69DED00FDD6E8 /* Release */,
			);
			defaultConfigurationIsVisible = 0;
			defaultConfigurationName = Release;
		};
/* End XCConfigurationList section */
	};
	rootObject = 8659BF2721A69DEB00FDD6E8 /* Project object */;
}
